
Microsoft Visual Studio Solution File, Format Version 12.00
# Visual Studio Version 16
VisualStudioVersion = 16.0.28407.52
MinimumVisualStudioVersion = 10.0.40219.1
Project("{9A19103F-16F7-4668-BE54-9A1E7A4F7556}") = "CertDump", "CertDump\CertDump.csproj", "{52782FDB-8155-4B61-93BB-A04D6E653EA2}"
EndProject
Project("{2150E333-8FDC-42A3-9474-1A3956D46DE8}") = "Solution Items", "Solution Items", "{B445924C-BD49-4B60-97E4-9B90E6ACEF0D}"
	ProjectSection(SolutionItems) = preProject
		.gitignore = .gitignore
		.travis.yml = .travis.yml
		azure-pipelines.yml = azure-pipelines.yml
		dotnet-install.ps1 = dotnet-install.ps1
		LICENSE = LICENSE
		README.md = README.md
	EndProjectSection
EndProject
Global
	GlobalSection(SolutionConfigurationPlatforms) = preSolution
		Debug|Any CPU = Debug|Any CPU
		Release|Any CPU = Release|Any CPU
	EndGlobalSection
	GlobalSection(ProjectConfigurationPlatforms) = postSolution
		{52782FDB-8155-4B61-93BB-A04D6E653EA2}.Debug|Any CPU.ActiveCfg = Debug|Any CPU
		{52782FDB-8155-4B61-93BB-A04D6E653EA2}.Debug|Any CPU.Build.0 = Debug|Any CPU
		{52782FDB-8155-4B61-93BB-A04D6E653EA2}.Release|Any CPU.ActiveCfg = Release|Any CPU
		{52782FDB-8155-4B61-93BB-A04D6E653EA2}.Release|Any CPU.Build.0 = Release|Any CPU
	EndGlobalSection
	GlobalSection(SolutionProperties) = preSolution
		HideSolutionNode = FALSE
	EndGlobalSection
	GlobalSection(ExtensibilityGlobals) = postSolution
		SolutionGuid = {6D4AE924-2BB7-4421-90DA-27B6EA88D77A}
	EndGlobalSection
EndGlobal
